
Microsoft Visual Studio Solution File, Format Version 12.00
# Visual Studio Version 17
VisualStudioVersion = 17.0.32126.317
MinimumVisualStudioVersion = 10.0.40219.1
Project("{FAE04EC0-301F-11D3-BF4B-00C04F79EFBC}") = "PythonWF", "PythonWF.csproj", "{D67FBF18-36A2-4A71-9895-D6EDC4BF0BF2}"
EndProject
Project("{888888A0-9F3D-457C-B088-3A5042F75D52}") = "PythonApplication1", "..\PythonApplication1\PythonApplication1.pyproj", "{F389F473-0992-4D41-BF99-27312960A18D}"
EndProject
Global
	GlobalSection(SolutionConfigurationPlatforms) = preSolution
		Debug|Any CPU = Debug|Any CPU
		Release|Any CPU = Release|Any CPU
	EndGlobalSection
	GlobalSection(ProjectConfigurationPlatforms) = postSolution
		{D67FBF18-36A2-4A71-9895-D6EDC4BF0BF2}.Debug|Any CPU.ActiveCfg = Debug|Any CPU
		{D67FBF18-36A2-4A71-9895-D6EDC4BF0BF2}.Debug|Any CPU.Build.0 = Debug|Any CPU
		{D67FBF18-36A2-4A71-9895-D6EDC4BF0BF2}.Release|Any CPU.ActiveCfg = Release|Any CPU
		{D67FBF18-36A2-4A71-9895-D6EDC4BF0BF2}.Release|Any CPU.Build.0 = Release|Any CPU
		{F389F473-0992-4D41-BF99-27312960A18D}.Debug|Any CPU.ActiveCfg = Debug|Any CPU
		{F389F473-0992-4D41-BF99-27312960A18D}.Release|Any CPU.ActiveCfg = Release|Any CPU
	EndGlobalSection
	GlobalSection(SolutionProperties) = preSolution
		HideSolutionNode = FALSE
	EndGlobalSection
	GlobalSection(ExtensibilityGlobals) = postSolution
		SolutionGuid = {DC6B9DF5-0F50-4215-8245-670E98FE1D84}
	EndGlobalSection
EndGlobal
